
Microsoft Visual Studio Solution File, Format Version 12.00
# Visual Studio Version 16
VisualStudioVersion = 16.0.31624.102
MinimumVisualStudioVersion = 10.0.40219.1
Project("{FAE04EC0-301F-11D3-BF4B-00C04F79EFBC}") = "ProductStock", "ProductStock\ProductStock.csproj", "{3C27AEC3-8F49-4F55-9447-68776BE58396}"
EndProject
Global
	GlobalSection(SolutionConfigurationPlatforms) = preSolution
		Debug|Any CPU = Debug|Any CPU
		Release|Any CPU = Release|Any CPU
	EndGlobalSection
	GlobalSection(ProjectConfigurationPlatforms) = postSolution
		{3C27AEC3-8F49-4F55-9447-68776BE58396}.Debug|Any CPU.ActiveCfg = Debug|Any CPU
		{3C27AEC3-8F49-4F55-9447-68776BE58396}.Debug|Any CPU.Build.0 = Debug|Any CPU
		{3C27AEC3-8F49-4F55-9447-68776BE58396}.Release|Any CPU.ActiveCfg = Release|Any CPU
		{3C27AEC3-8F49-4F55-9447-68776BE58396}.Release|Any CPU.Build.0 = Release|Any CPU
	EndGlobalSection
	GlobalSection(SolutionProperties) = preSolution
		HideSolutionNode = FALSE
	EndGlobalSection
	GlobalSection(ExtensibilityGlobals) = postSolution
		SolutionGuid = {7E52D5C1-F7D3-4BFB-8EE3-D1F104207018}
	EndGlobalSection
EndGlobal
